
Microsoft Visual Studio Solution File, Format Version 12.00
# Visual Studio Version 16
VisualStudioVersion = 16.0.30907.101
MinimumVisualStudioVersion = 10.0.40219.1
Project("{9A19103F-16F7-4668-BE54-9A1E7A4F7556}") = "CampIntro", "CampIntro\CampIntro.csproj", "{E110AC20-570A-4B52-9655-74FFAAB929F0}"
EndProject
Project("{FAE04EC0-301F-11D3-BF4B-00C04F79EFBC}") = "Donguler", "..\Donguler\Donguler.csproj", "{63C64B4C-C205-4047-A0A9-E2B1C7737CFF}"
EndProject
Global
	GlobalSection(SolutionConfigurationPlatforms) = preSolution
		Debug|Any CPU = Debug|Any CPU
		Release|Any CPU = Release|Any CPU
	EndGlobalSection
	GlobalSection(ProjectConfigurationPlatforms) = postSolution
		{E110AC20-570A-4B52-9655-74FFAAB929F0}.Debug|Any CPU.ActiveCfg = Debug|Any CPU
		{E110AC20-570A-4B52-9655-74FFAAB929F0}.Debug|Any CPU.Build.0 = Debug|Any CPU
		{E110AC20-570A-4B52-9655-74FFAAB929F0}.Release|Any CPU.ActiveCfg = Release|Any CPU
		{E110AC20-570A-4B52-9655-74FFAAB929F0}.Release|Any CPU.Build.0 = Release|Any CPU
		{63C64B4C-C205-4047-A0A9-E2B1C7737CFF}.Debug|Any CPU.ActiveCfg = Debug|Any CPU
		{63C64B4C-C205-4047-A0A9-E2B1C7737CFF}.Debug|Any CPU.Build.0 = Debug|Any CPU
		{63C64B4C-C205-4047-A0A9-E2B1C7737CFF}.Release|Any CPU.ActiveCfg = Release|Any CPU
		{63C64B4C-C205-4047-A0A9-E2B1C7737CFF}.Release|Any CPU.Build.0 = Release|Any CPU
	EndGlobalSection
	GlobalSection(SolutionProperties) = preSolution
		HideSolutionNode = FALSE
	EndGlobalSection
	GlobalSection(ExtensibilityGlobals) = postSolution
		SolutionGuid = {7807161D-0FD9-47C0-A41F-25465F6A51BB}
	EndGlobalSection
EndGlobal
